
Microsoft Visual Studio Solution File, Format Version 12.00
# Visual Studio Version 17
VisualStudioVersion = 17.11.35312.102
MinimumVisualStudioVersion = 10.0.40219.1
Project("{FAE04EC0-301F-11D3-BF4B-00C04F79EFBC}") = "APIRickandMortyProject", "APIRickandMortyProject\APIRickandMortyProject.csproj", "{DA5F9CBE-ED79-4214-9FE7-6C31A588DBEC}"
EndProject
Global
	GlobalSection(SolutionConfigurationPlatforms) = preSolution
		Debug|Any CPU = Debug|Any CPU
		Release|Any CPU = Release|Any CPU
	EndGlobalSection
	GlobalSection(ProjectConfigurationPlatforms) = postSolution
		{DA5F9CBE-ED79-4214-9FE7-6C31A588DBEC}.Debug|Any CPU.ActiveCfg = Debug|Any CPU
		{DA5F9CBE-ED79-4214-9FE7-6C31A588DBEC}.Debug|Any CPU.Build.0 = Debug|Any CPU
		{DA5F9CBE-ED79-4214-9FE7-6C31A588DBEC}.Release|Any CPU.ActiveCfg = Release|Any CPU
		{DA5F9CBE-ED79-4214-9FE7-6C31A588DBEC}.Release|Any CPU.Build.0 = Release|Any CPU
	EndGlobalSection
	GlobalSection(SolutionProperties) = preSolution
		HideSolutionNode = FALSE
	EndGlobalSection
	GlobalSection(ExtensibilityGlobals) = postSolution
		SolutionGuid = {8A0A45A3-DAF8-4814-AA59-40999DF8D4CA}
	EndGlobalSection
EndGlobal
